{
  "nodes": {
    "cl-boundary-kit": {
      "flake": false,
      "locked": {
        "lastModified": 1785937199,
        "narHash": "sha256-FAuQIpnySCV4KoPm2ugbq/9uMsBGBO5XzF0SE3o0MTI=",
        "owner": "nerima-lisp",
        "repo": "cl-boundary-kit",
        "rev": "62e4a7df3e52061c38b7ff4f596436bdda985f71",
        "type": "github"
      },
      "original": {
        "owner": "nerima-lisp",
        "ref": "v2.3.0",
        "repo": "cl-boundary-kit",
        "type": "github"
      }
    },
    "cl-cc-ast": {
      "flake": false,
      "locked": {
        "lastModified": 1785517753,
        "narHash": "sha256-OS6za3XUQNQYnvfuwhRUsrS3wF79dH+YpNuRFhsstLY=",
        "owner": "nerima-lisp",
        "repo": "cl-cc-ast",
        "rev": "ad554c7a7401cdf454707eb56a37da6aaaea2a95",
        "type": "github"
      },
      "original": {
        "owner": "nerima-lisp",
        "repo": "cl-cc-ast",
        "rev": "ad554c7a7401cdf454707eb56a37da6aaaea2a95",
        "type": "github"
      }
    },
    "cl-cc-binary": {
      "flake": false,
      "locked": {
        "lastModified": 1785550158,
        "narHash": "sha256-LkMyRUtWUh/f2Sf6WXaqtDsWCcZ1gpM5ogBcd/82s/I=",
        "owner": "nerima-lisp",
        "repo": "cl-cc-binary",
        "rev": "b70205834e711181bd2c2ec0299bd5c3ab5e0673",
        "type": "github"
      },
      "original": {
        "owner": "nerima-lisp",
        "repo": "cl-cc-binary",
        "rev": "b70205834e711181bd2c2ec0299bd5c3ab5e0673",
        "type": "github"
      }
    },
    "cl-cc-bootstrap": {
      "flake": false,
      "locked": {
        "lastModified": 1785550158,
        "narHash": "sha256-UVuVel3Jo/Gl17BGnjRtm/T2bkQkuszerRI+axANfgA=",
        "owner": "nerima-lisp",
        "repo": "cl-cc-bootstrap",
        "rev": "821bc1f853dbdad2a66e852216d651a7deee5ad2",
        "type": "github"
      },
      "original": {
        "owner": "nerima-lisp",
        "repo": "cl-cc-bootstrap",
        "rev": "821bc1f853dbdad2a66e852216d651a7deee5ad2",
        "type": "github"
      }
    },
    "cl-cc-mir": {
      "flake": false,
      "locked": {
        "lastModified": 1785568792,
        "narHash": "sha256-TPtKQmnBievSF9/YGwF82zvaPWzAWSrS0CGnL1yYk1c=",
        "owner": "nerima-lisp",
        "repo": "cl-cc-mir",
        "rev": "9679e3a471df1bea446df9b22cb26a32e85c42c8",
        "type": "github"
      },
      "original": {
        "owner": "nerima-lisp",
        "repo": "cl-cc-mir",
        "rev": "9679e3a471df1bea446df9b22cb26a32e85c42c8",
        "type": "github"
      }
    },
    "cl-cc-optimize": {
      "flake": false,
      "locked": {
        "lastModified": 1786971492,
        "narHash": "sha256-vMtcOuQa8XG7coe+Lkh9UjVOwLnUPkI0pxNC40Dyukg=",
        "owner": "nerima-lisp",
        "repo": "cl-cc-optimize",
        "rev": "51c0db63ff125413568ec08c79e33dcf34f00fbf",
        "type": "github"
      },
      "original": {
        "owner": "nerima-lisp",
        "repo": "cl-cc-optimize",
        "rev": "51c0db63ff125413568ec08c79e33dcf34f00fbf",
        "type": "github"
      }
    },
    "cl-cc-runtime": {
      "flake": false,
      "locked": {
        "lastModified": 1785553682,
        "narHash": "sha256-r640OT8njDxAQNTWE3rUIZxn2FRPh3Fp+P/BafU9WT0=",
        "owner": "nerima-lisp",
        "repo": "cl-cc-runtime",
        "rev": "e47f0917abc759f4798633cfa427f30ad08eb277",
        "type": "github"
      },
      "original": {
        "owner": "nerima-lisp",
        "repo": "cl-cc-runtime",
        "rev": "e47f0917abc759f4798633cfa427f30ad08eb277",
        "type": "github"
      }
    },
    "cl-cc-type": {
      "flake": false,
      "locked": {
        "lastModified": 1785550158,
        "narHash": "sha256-8e51qhb2gv06BGvLRA0PkjhIr46TstO4J7+oVp00HmY=",
        "owner": "nerima-lisp",
        "repo": "cl-cc-type",
        "rev": "adf449080c07dea93bd7947f51b6eba8277a7bf6",
        "type": "github"
      },
      "original": {
        "owner": "nerima-lisp",
        "repo": "cl-cc-type",
        "rev": "adf449080c07dea93bd7947f51b6eba8277a7bf6",
        "type": "github"
      }
    },
    "cl-cc-vm": {
      "flake": false,
      "locked": {
        "lastModified": 1785518259,
        "narHash": "sha256-el/TV1bBq9YufZAFMK76i0DO7ztjuY6RU7aRdM3N8Ng=",
        "owner": "nerima-lisp",
        "repo": "cl-cc-vm",
        "rev": "4508154e0a170c2dc7647825f7b41741e1de1ff7",
        "type": "github"
      },
      "original": {
        "owner": "nerima-lisp",
        "repo": "cl-cc-vm",
        "rev": "4508154e0a170c2dc7647825f7b41741e1de1ff7",
        "type": "github"
      }
    },
    "cl-codec-kit": {
      "flake": false,
      "locked": {
        "lastModified": 1790500690,
        "narHash": "sha256-vr00pg1SeZ0BJKeSiM2bmxwC2YK5VwDiSYq5bNVRj14=",
        "owner": "nerima-lisp",
        "repo": "cl-codec-kit",
        "rev": "5885db990560b1aa3992a88daceea010b9adc1d2",
        "type": "github"
      },
      "original": {
        "owner": "nerima-lisp",
        "ref": "v0.6.0",
        "repo": "cl-codec-kit",
        "type": "github"
      }
    },
    "cl-concurrent-kit": {
      "flake": false,
      "locked": {
        "lastModified": 1785940791,
        "narHash": "sha256-4ZXzAIMn4x+/zhx+jOW/Vr61oT/lc+PJIWzAE5y2Qsw=",
        "owner": "nerima-lisp",
        "repo": "cl-concurrent-kit",
        "rev": "0ef20d36a0a12800f231172227bd94034611c639",
        "type": "github"
      },
      "original": {
        "owner": "nerima-lisp",
        "ref": "v0.6.1",
        "repo": "cl-concurrent-kit",
        "type": "github"
      }
    },
    "cl-date-kit": {
      "flake": false,
      "locked": {
        "lastModified": 1790450959,
        "narHash": "sha256-tB9CMfpnp0suzaXLRey5EKTbXvJ+3M64Uf0lhYD0c84=",
        "owner": "nerima-lisp",
        "repo": "cl-date-kit",
        "rev": "021c00df3f4dd18cad7206221125d1596db2fae5",
        "type": "github"
      },
      "original": {
        "owner": "nerima-lisp",
        "ref": "v1.1.1",
        "repo": "cl-date-kit",
        "type": "github"
      }
    },
    "cl-host-kit": {
      "flake": false,
      "locked": {
        "lastModified": 1785923957,
        "narHash": "sha256-pUR7Gi9Fdwg9WR1Mpjl+yBAb8FHAAieG8lTLYwfVJOc=",
        "owner": "nerima-lisp",
        "repo": "cl-host-kit",
        "rev": "ec565470b634605e23b0d6eef0645eb15e8e3356",
        "type": "github"
      },
      "original": {
        "owner": "nerima-lisp",
        "ref": "v0.3.1",
        "repo": "cl-host-kit",
        "type": "github"
      }
    },
    "cl-json-kit": {
      "flake": false,
      "locked": {
        "lastModified": 1785923850,
        "narHash": "sha256-0TBp7mlj0VF2krHZ83tsBtMKoiI38kpm8n56B/Ie37k=",
        "owner": "nerima-lisp",
        "repo": "cl-json-kit",
        "rev": "dace990f643d1dd07639ce57a2559c5143850cce",
        "type": "github"
      },
      "original": {
        "owner": "nerima-lisp",
        "ref": "v1.2.0",
        "repo": "cl-json-kit",
        "type": "github"
      }
    },
    "cl-log-kit": {
      "flake": false,
      "locked": {
        "lastModified": 1785930087,
        "narHash": "sha256-zFbU9a8KLHThzQRn7jqSL0SoTj7ImeP3Q5lJmsOzBQM=",
        "owner": "nerima-lisp",
        "repo": "cl-log-kit",
        "rev": "580ebe23e4106edb8dcc89c0d4732f585c17e3f9",
        "type": "github"
      },
      "original": {
        "owner": "nerima-lisp",
        "ref": "v2.2.0",
        "repo": "cl-log-kit",
        "type": "github"
      }
    },
    "cl-nix-forge": {
      "inputs": {
        "nixpkgs": [
          "cl-weave",
          "nixpkgs"
        ],
        "treefmt-nix": "treefmt-nix"
      },
      "locked": {
        "lastModified": 1785825792,
        "narHash": "sha256-FjpTPYXj5BINxpgFbNqKQgeB6p/ANR/1N8T4lSHS7kU=",
        "owner": "nerima-lisp",
        "repo": "cl-nix-forge",
        "rev": "df1e772cda1efcdb90297b49ca1a25b396b8bdd7",
        "type": "github"
      },
      "original": {
        "owner": "nerima-lisp",
        "ref": "v0.5.0",
        "repo": "cl-nix-forge",
        "type": "github"
      }
    },
    "cl-parser-kit": {
      "flake": false,
      "locked": {
        "lastModified": 1785931427,
        "narHash": "sha256-IR8GbJVuSKS8fTcuQezTVlJJ3nU802shk2fdiHszcig=",
        "owner": "nerima-lisp",
        "repo": "cl-parser-kit",
        "rev": "6379014e6d85bdaecc57157611baa4ddf4b2b206",
        "type": "github"
      },
      "original": {
        "owner": "nerima-lisp",
        "ref": "v1.1.1",
        "repo": "cl-parser-kit",
        "type": "github"
      }
    },
    "cl-process-kit": {
      "flake": false,
      "locked": {
        "lastModified": 1790572250,
        "narHash": "sha256-vU3PHcoEA72BBK37uvjsdkuApxNR4FZ9KV27VyMWM5c=",
        "owner": "nerima-lisp",
        "repo": "cl-process-kit",
        "rev": "1276a8b8db6120ac15a0911c255a586b3a030ca1",
        "type": "github"
      },
      "original": {
        "owner": "nerima-lisp",
        "ref": "v3.4.0",
        "repo": "cl-process-kit",
        "type": "github"
      }
    },
    "cl-prolog-kit": {
      "flake": false,
      "locked": {
        "lastModified": 1786948477,
        "narHash": "sha256-3qn9W1Jmbxnr0Si77J7Klo26oX/zjgBVwb5ye74NsTY=",
        "owner": "nerima-lisp",
        "repo": "cl-prolog-kit",
        "rev": "239368e1001bc3a8576d45770c9e91da11515d09",
        "type": "github"
      },
      "original": {
        "owner": "nerima-lisp",
        "ref": "v1.5.0",
        "repo": "cl-prolog-kit",
        "type": "github"
      }
    },
    "cl-regex-kit": {
      "flake": false,
      "locked": {
        "lastModified": 1790521261,
        "narHash": "sha256-4BAunpX2NMUgt5usfJWp1dRqc0H01Is3MrGMGkquKio=",
        "owner": "nerima-lisp",
        "repo": "cl-regex-kit",
        "rev": "da83905cad2bcb28518ebb28cac6628c654bb328",
        "type": "github"
      },
      "original": {
        "owner": "nerima-lisp",
        "ref": "v2.2.0",
        "repo": "cl-regex-kit",
        "type": "github"
      }
    },
    "cl-tty-kit": {
      "flake": false,
      "locked": {
        "lastModified": 1786289076,
        "narHash": "sha256-BITAAgbpxMVWgSCZPLWWO6gxh4KcPcHDy518Sbn0K8I=",
        "owner": "nerima-lisp",
        "repo": "cl-tty-kit",
        "rev": "add24964a286720baa9e08722f4b611fcefdf22f",
        "type": "github"
      },
      "original": {
        "owner": "nerima-lisp",
        "ref": "v1.6.1",
        "repo": "cl-tty-kit",
        "type": "github"
      }
    },
    "cl-weave": {
      "inputs": {
        "cl-nix-forge": "cl-nix-forge",
        "nixpkgs": [
          "nixpkgs"
        ],
        "paredit-cli": "paredit-cli",
        "treefmt-nix": "treefmt-nix_3"
      },
      "locked": {
        "lastModified": 1790778646,
        "narHash": "sha256-x2bYA/A2q9q1QOccPG1faD6J6Hn+/9YCd3xKQFrNefY=",
        "owner": "nerima-lisp",
        "repo": "cl-weave",
        "rev": "32671560d3d15d4ecf33b9d8af862ea60737841b",
        "type": "github"
      },
      "original": {
        "owner": "nerima-lisp",
        "ref": "v1.4.0",
        "repo": "cl-weave",
        "type": "github"
      }
    },
    "crane": {
      "locked": {
        "lastModified": 1784564969,
        "narHash": "sha256-TkTWNhJV/8Wk3czlbz4bwHZkFCaCHPsOy+oJe4PUiXg=",
        "owner": "ipetkov",
        "repo": "crane",
        "rev": "7930f6c291de6f83c257839d434592aa085f290a",
        "type": "github"
      },
      "original": {
        "owner": "ipetkov",
        "repo": "crane",
        "type": "github"
      }
    },
    "crane_2": {
      "locked": {
        "lastModified": 1785631643,
        "narHash": "sha256-H++/2dMt+5+tErKU+t5z6c4Xedvj9w+UPQYrpygwIPw=",
        "owner": "ipetkov",
        "repo": "crane",
        "rev": "b8d87f76ea4e4b6f30f2e6eaf3fbb60ff7d87167",
        "type": "github"
      },
      "original": {
        "owner": "ipetkov",
        "repo": "crane",
        "type": "github"
      }
    },
    "nixpkgs": {
      "locked": {
        "lastModified": 1784796856,
        "narHash": "sha256-wWFrV5/Qbm+lyt5x20E/bSbfJiGKMo4RCxZV8cl/WZI=",
        "owner": "NixOS",
        "repo": "nixpkgs",
        "rev": "e2587caef70cea85dd97d7daab492899902dbf5d",
        "type": "github"
      },
      "original": {
        "owner": "NixOS",
        "ref": "nixos-unstable",
        "repo": "nixpkgs",
        "type": "github"
      }
    },
    "paredit-cli": {
      "inputs": {
        "crane": "crane",
        "nixpkgs": [
          "cl-weave",
          "nixpkgs"
        ],
        "rust-overlay": "rust-overlay",
        "treefmt-nix": "treefmt-nix_2"
      },
      "locked": {
        "lastModified": 1785386902,
        "narHash": "sha256-UD8Nws8wpybWfqSUfuGykQHr2PldEU3ALFbHMVPQn8U=",
        "owner": "nerima-lisp",
        "repo": "paredit-cli",
        "rev": "f646e5549049e33260b5f3f02587056870656b86",
        "type": "github"
      },
      "original": {
        "owner": "nerima-lisp",
        "ref": "v1.3.0",
        "repo": "paredit-cli",
        "type": "github"
      }
    },
    "paredit-cli_2": {
      "inputs": {
        "crane": "crane_2",
        "nixpkgs": [
          "nixpkgs"
        ],
        "rust-overlay": "rust-overlay_2",
        "treefmt-nix": "treefmt-nix_4"
      },
      "locked": {
        "lastModified": 1788540112,
        "narHash": "sha256-UnHnKf6RiaOXOq2ZBoYLtE9/vDz05tFtI69juYrKPno=",
        "owner": "nerima-lisp",
        "repo": "paredit-cli",
        "rev": "e8efd9528cf9a7acc98d3b99961bd657a0a9a62a",
        "type": "github"
      },
      "original": {
        "owner": "nerima-lisp",
        "ref": "v1.6.3",
        "repo": "paredit-cli",
        "type": "github"
      }
    },
    "root": {
      "inputs": {
        "cl-boundary-kit": "cl-boundary-kit",
        "cl-cc-ast": "cl-cc-ast",
        "cl-cc-binary": "cl-cc-binary",
        "cl-cc-bootstrap": "cl-cc-bootstrap",
        "cl-cc-mir": "cl-cc-mir",
        "cl-cc-optimize": "cl-cc-optimize",
        "cl-cc-runtime": "cl-cc-runtime",
        "cl-cc-type": "cl-cc-type",
        "cl-cc-vm": "cl-cc-vm",
        "cl-codec-kit": "cl-codec-kit",
        "cl-concurrent-kit": "cl-concurrent-kit",
        "cl-date-kit": "cl-date-kit",
        "cl-host-kit": "cl-host-kit",
        "cl-json-kit": "cl-json-kit",
        "cl-log-kit": "cl-log-kit",
        "cl-parser-kit": "cl-parser-kit",
        "cl-process-kit": "cl-process-kit",
        "cl-prolog-kit": "cl-prolog-kit",
        "cl-regex-kit": "cl-regex-kit",
        "cl-tty-kit": "cl-tty-kit",
        "cl-weave": "cl-weave",
        "nixpkgs": "nixpkgs",
        "paredit-cli": "paredit-cli_2",
        "treefmt-nix": "treefmt-nix_5"
      }
    },
    "rust-overlay": {
      "inputs": {
        "nixpkgs": [
          "cl-weave",
          "paredit-cli",
          "nixpkgs"
        ]
      },
      "locked": {
        "lastModified": 1783663825,
        "narHash": "sha256-TTrNVoFdEw8j0Hn+shP1KAsimTmszTWBIIUliTaAuY0=",
        "owner": "oxalica",
        "repo": "rust-overlay",
        "rev": "072adf9b18936c1062c48123a9b77891d5968f2c",
        "type": "github"
      },
      "original": {
        "owner": "oxalica",
        "repo": "rust-overlay",
        "type": "github"
      }
    },
    "rust-overlay_2": {
      "inputs": {
        "nixpkgs": [
          "paredit-cli",
          "nixpkgs"
        ]
      },
      "locked": {
        "lastModified": 1785648791,
        "narHash": "sha256-4wZa7NDOxbcm9pTNNcg88nvvPb9uVcWsJ+Ncil8eB1I=",
        "owner": "oxalica",
        "repo": "rust-overlay",
        "rev": "32346a8154e65fa10bac36f7b476a5294cb8b150",
        "type": "github"
      },
      "original": {
        "owner": "oxalica",
        "repo": "rust-overlay",
        "type": "github"
      }
    },
    "treefmt-nix": {
      "inputs": {
        "nixpkgs": [
          "cl-weave",
          "cl-nix-forge",
          "nixpkgs"
        ]
      },
      "locked": {
        "lastModified": 1785360170,
        "narHash": "sha256-XE1lKgQ3eIO3E7zWryqcRsax+mYXod/5RHBn4YaR9YE=",
        "owner": "numtide",
        "repo": "treefmt-nix",
        "rev": "d1187f8bc71fb8aab02395869ec3f5c1920f75c0",
        "type": "github"
      },
      "original": {
        "owner": "numtide",
        "repo": "treefmt-nix",
        "type": "github"
      }
    },
    "treefmt-nix_2": {
      "inputs": {
        "nixpkgs": [
          "cl-weave",
          "paredit-cli",
          "nixpkgs"
        ]
      },
      "locked": {
        "lastModified": 1780220602,
        "narHash": "sha256-eynAfOmbmxJnkp7YewvCEbShNnnYJ9gLLqkzsYtBPeM=",
        "owner": "numtide",
        "repo": "treefmt-nix",
        "rev": "db947814a175b7ca6ded66e21383d938df01c227",
        "type": "github"
      },
      "original": {
        "owner": "numtide",
        "repo": "treefmt-nix",
        "type": "github"
      }
    },
    "treefmt-nix_3": {
      "inputs": {
        "nixpkgs": [
          "cl-weave",
          "nixpkgs"
        ]
      },
      "locked": {
        "lastModified": 1785360170,
        "narHash": "sha256-XE1lKgQ3eIO3E7zWryqcRsax+mYXod/5RHBn4YaR9YE=",
        "owner": "numtide",
        "repo": "treefmt-nix",
        "rev": "d1187f8bc71fb8aab02395869ec3f5c1920f75c0",
        "type": "github"
      },
      "original": {
        "owner": "numtide",
        "repo": "treefmt-nix",
        "type": "github"
      }
    },
    "treefmt-nix_4": {
      "inputs": {
        "nixpkgs": [
          "paredit-cli",
          "nixpkgs"
        ]
      },
      "locked": {
        "lastModified": 1785360170,
        "narHash": "sha256-XE1lKgQ3eIO3E7zWryqcRsax+mYXod/5RHBn4YaR9YE=",
        "owner": "numtide",
        "repo": "treefmt-nix",
        "rev": "d1187f8bc71fb8aab02395869ec3f5c1920f75c0",
        "type": "github"
      },
      "original": {
        "owner": "numtide",
        "repo": "treefmt-nix",
        "type": "github"
      }
    },
    "treefmt-nix_5": {
      "inputs": {
        "nixpkgs": [
          "nixpkgs"
        ]
      },
      "locked": {
        "lastModified": 1784369104,
        "narHash": "sha256-47cxbcZODibHv3rELFQ9vZly0vUNkND/atn/U7HLeb0=",
        "owner": "numtide",
        "repo": "treefmt-nix",
        "rev": "df3c0640565d04a0261253cdd89fce78ec50168a",
        "type": "github"
      },
      "original": {
        "owner": "numtide",
        "repo": "treefmt-nix",
        "type": "github"
      }
    }
  },
  "root": "root",
  "version": 7
}
